
Microsoft Visual Studio Solution File, Format Version 12.00
# Visual Studio 2013
VisualStudioVersion = 12.0.21005.1
MinimumVisualStudioVersion = 10.0.40219.1
Project("{FAE04EC0-301F-11D3-BF4B-00C04F79EFBC}") = "AplicacaoWebJavaScript", "AplicacaoWebJavaScript\AplicacaoWebJavaScript.csproj", "{6AEE4E4D-833E-48FD-B98C-6FEA5CD4C21A}"
EndProject
Project("{FAE04EC0-301F-11D3-BF4B-00C04F79EFBC}") = "Avaliacao", "Avaliacao\Avaliacao.csproj", "{4A93258C-71A6-41FD-90E1-7FACEDCFEB70}"
EndProject
Global
	GlobalSection(SolutionConfigurationPlatforms) = preSolution
		Debug|Any CPU = Debug|Any CPU
		Release|Any CPU = Release|Any CPU
	EndGlobalSection
	GlobalSection(ProjectConfigurationPlatforms) = postSolution
		{6AEE4E4D-833E-48FD-B98C-6FEA5CD4C21A}.Debug|Any CPU.ActiveCfg = Debug|Any CPU
		{6AEE4E4D-833E-48FD-B98C-6FEA5CD4C21A}.Debug|Any CPU.Build.0 = Debug|Any CPU
		{6AEE4E4D-833E-48FD-B98C-6FEA5CD4C21A}.Release|Any CPU.ActiveCfg = Release|Any CPU
		{6AEE4E4D-833E-48FD-B98C-6FEA5CD4C21A}.Release|Any CPU.Build.0 = Release|Any CPU
		{4A93258C-71A6-41FD-90E1-7FACEDCFEB70}.Debug|Any CPU.ActiveCfg = Debug|Any CPU
		{4A93258C-71A6-41FD-90E1-7FACEDCFEB70}.Debug|Any CPU.Build.0 = Debug|Any CPU
		{4A93258C-71A6-41FD-90E1-7FACEDCFEB70}.Release|Any CPU.ActiveCfg = Release|Any CPU
		{4A93258C-71A6-41FD-90E1-7FACEDCFEB70}.Release|Any CPU.Build.0 = Release|Any CPU
	EndGlobalSection
	GlobalSection(SolutionProperties) = preSolution
		HideSolutionNode = FALSE
	EndGlobalSection
EndGlobal
